dependencies:
- name: user-service
  repository: file://charts/user-service
  version: 0.1.1
- name: order-service
  repository: file://charts/order-service
  version: 0.2.1
digest: sha256:8cf03b4be9c1e5e66f53cc8c05de885a780e0f16dd44c4700d40858729bf77d5
generated: "2025-11-11T16:26:18.5935365+08:00"
