dependencies:
- name: user-service
  repository: file://charts/user-service
  version: 0.1.0
- name: order-service
  repository: file://charts/order-service
  version: 0.2.0
digest: sha256:eafb76d2feab66203e16c2e13f0a4206f0cd076bf87a56268cb344a7ff085899
generated: "2025-11-11T16:03:26.8956248+08:00"
